<Solution>
  <Folder Name="/src/">
    <Project Path="src/ZHI.Core/ZHI.Core.csproj" />
    <Project Path="src/ZHI.Shared/ZHI.Shared.csproj" />
    <Project Path="src/ZHI.Watcher/ZHI.Watcher.csproj" />
  </Folder>
  <Folder Name="/tests/">
    <Project Path="tests/ZHI.Tests/ZHI.Tests.csproj" />
  </Folder>
</Solution>
